// !$*UTF8*$!
{
	archiveVersion = 1;
	classes = {
	};
	objectVersion = 50;
	objects = {

/* Begin PBXBuildFile section */
		1D2837E424A387D00030D6C2 /* DriversScreen.swift in Sources */ = {isa = PBXBuildFile; fileRef = 1D2837E324A387D00030D6C2 /* DriversScreen.swift */; };
		1DAEBD4524A176460081067F /* StatusSection.swift in Sources */ = {isa = PBXBuildFile; fileRef = 1DAEBD4424A176460081067F /* StatusSection.swift */; };
		1DAEBD4724A17F640081067F /* DriverAdapter.swift in Sources */ = {isa = PBXBuildFile; fileRef = 1DAEBD4624A17F640081067F /* DriverAdapter.swift */; };
		1DE7365224A011120014FF11 /* AppDelegate.swift in Sources */ = {isa = PBXBuildFile; fileRef = 1DE7365124A011120014FF11 /* AppDelegate.swift */; };
		1DE7365424A011120014FF11 /* SceneDelegate.swift in Sources */ = {isa = PBXBuildFile; fileRef = 1DE7365324A011120014FF11 /* SceneDelegate.swift */; };
		1DE7365624A011120014FF11 /* DriverScreen.swift in Sources */ = {isa = PBXBuildFile; fileRef = 1DE7365524A011120014FF11 /* DriverScreen.swift */; };
		1DE7365824A011160014FF11 /* images.xcassets in Resources */ = {isa = PBXBuildFile; fileRef = 1DE7365724A011160014FF11 /* images.xcassets */; };
		1DE7365B24A011160014FF11 /* Preview Assets.xcassets in Resources */ = {isa = PBXBuildFile; fileRef = 1DE7365A24A011160014FF11 /* Preview Assets.xcassets */; };
		1DE7365E24A011160014FF11 /* LaunchScreen.storyboard in Resources */ = {isa = PBXBuildFile; fileRef = 1DE7365C24A011160014FF11 /* LaunchScreen.storyboard */; };
		1DE7366824A017AD0014FF11 /* Resources.swift in Sources */ = {isa = PBXBuildFile; fileRef = 1DE7366724A017AD0014FF11 /* Resources.swift */; };
		1DE7366A24A019250014FF11 /* colors.xcassets in Resources */ = {isa = PBXBuildFile; fileRef = 1DE7366924A019250014FF11 /* colors.xcassets */; };
		1DE7366D24A01A760014FF11 /* Driver.swift in Sources */ = {isa = PBXBuildFile; fileRef = 1DE7366C24A01A760014FF11 /* Driver.swift */; };
/* End PBXBuildFile section */

/* Begin PBXFileReference section */
		1D2837E324A387D00030D6C2 /* DriversScreen.swift */ = {isa = PBXFileReference; lastKnownFileType = sourcecode.swift; path = DriversScreen.swift; sourceTree = "<group>"; };
		1DAEBD4424A176460081067F /* StatusSection.swift */ = {isa = PBXFileReference; lastKnownFileType = sourcecode.swift; path = StatusSection.swift; sourceTree = "<group>"; };
		1DAEBD4624A17F640081067F /* DriverAdapter.swift */ = {isa = PBXFileReference; lastKnownFileType = sourcecode.swift; path = DriverAdapter.swift; sourceTree = "<group>"; };
		1DE7364E24A011120014FF11 /* CursoSwiftUI-29-08-2019.app */ = {isa = PBXFileReference; explicitFileType = wrapper.application; includeInIndex = 0; path = "CursoSwiftUI-29-08-2019.app"; sourceTree = BUILT_PRODUCTS_DIR; };
		1DE7365124A011120014FF11 /* AppDelegate.swift */ = {isa = PBXFileReference; lastKnownFileType = sourcecode.swift; path = AppDelegate.swift; sourceTree = "<group>"; };
		1DE7365324A011120014FF11 /* SceneDelegate.swift */ = {isa = PBXFileReference; lastKnownFileType = sourcecode.swift; path = SceneDelegate.swift; sourceTree = "<group>"; };
		1DE7365524A011120014FF11 /* DriverScreen.swift */ = {isa = PBXFileReference; lastKnownFileType = sourcecode.swift; path = DriverScreen.swift; sourceTree = "<group>"; };
		1DE7365724A011160014FF11 /* images.xcassets */ = {isa = PBXFileReference; lastKnownFileType = folder.assetcatalog; path = images.xcassets; sourceTree = "<group>"; };
		1DE7365A24A011160014FF11 /* Preview Assets.xcassets */ = {isa = PBXFileReference; lastKnownFileType = folder.assetcatalog; path = "Preview Assets.xcassets"; sourceTree = "<group>"; };
		1DE7365D24A011160014FF11 /* Base */ = {isa = PBXFileReference; lastKnownFileType = file.storyboard; name = Base; path = Base.lproj/LaunchScreen.storyboard; sourceTree = "<group>"; };
		1DE7365F24A011160014FF11 /* Info.plist */ = {isa = PBXFileReference; lastKnownFileType = text.plist.xml; path = Info.plist; sourceTree = "<group>"; };
		1DE7366724A017AD0014FF11 /* Resources.swift */ = {isa = PBXFileReference; lastKnownFileType = sourcecode.swift; path = Resources.swift; sourceTree = "<group>"; };
		1DE7366924A019250014FF11 /* colors.xcassets */ = {isa = PBXFileReference; lastKnownFileType = folder.assetcatalog; path = colors.xcassets; sourceTree = "<group>"; };
		1DE7366C24A01A760014FF11 /* Driver.swift */ = {isa = PBXFileReference; fileEncoding = 4; lastKnownFileType = sourcecode.swift; path = Driver.swift; sourceTree = "<group>"; };
/* End PBXFileReference section */

/* Begin PBXFrameworksBuildPhase section */
		1DE7364B24A011120014FF11 /* Frameworks */ = {
			isa = PBXFrameworksBuildPhase;
			buildActionMask = 2147483647;
			files = (
			);
			runOnlyForDeploymentPostprocessing = 0;
		};
/* End PBXFrameworksBuildPhase section */

/* Begin PBXGroup section */
		1DE7364524A011120014FF11 = {
			isa = PBXGroup;
			children = (
				1DE7365024A011120014FF11 /* CursoSwiftUI-29-08-2019 */,
				1DE7364F24A011120014FF11 /* Products */,
			);
			sourceTree = "<group>";
		};
		1DE7364F24A011120014FF11 /* Products */ = {
			isa = PBXGroup;
			children = (
				1DE7364E24A011120014FF11 /* CursoSwiftUI-29-08-2019.app */,
			);
			name = Products;
			sourceTree = "<group>";
		};
		1DE7365024A011120014FF11 /* CursoSwiftUI-29-08-2019 */ = {
			isa = PBXGroup;
			children = (
				1DE7366E24A01F2F0014FF11 /* config */,
				1DE7366B24A01A6B0014FF11 /* models */,
				1DE7366624A0176D0014FF11 /* ui */,
				1DE7366524A017560014FF11 /* resources */,
				1DE7365924A011160014FF11 /* Preview Content */,
			);
			path = "CursoSwiftUI-29-08-2019";
			sourceTree = "<group>";
		};
		1DE7365924A011160014FF11 /* Preview Content */ = {
			isa = PBXGroup;
			children = (
				1DE7365A24A011160014FF11 /* Preview Assets.xcassets */,
			);
			path = "Preview Content";
			sourceTree = "<group>";
		};
		1DE7366524A017560014FF11 /* resources */ = {
			isa = PBXGroup;
			children = (
				1DE7365724A011160014FF11 /* images.xcassets */,
				1DE7366724A017AD0014FF11 /* Resources.swift */,
				1DE7366924A019250014FF11 /* colors.xcassets */,
			);
			path = resources;
			sourceTree = "<group>";
		};
		1DE7366624A0176D0014FF11 /* ui */ = {
			isa = PBXGroup;
			children = (
				1DAEBD4624A17F640081067F /* DriverAdapter.swift */,
				1DE7365524A011120014FF11 /* DriverScreen.swift */,
				1D2837E324A387D00030D6C2 /* DriversScreen.swift */,
				1DE7365C24A011160014FF11 /* LaunchScreen.storyboard */,
				1DAEBD4424A176460081067F /* StatusSection.swift */,
			);
			path = ui;
			sourceTree = "<group>";
		};
		1DE7366B24A01A6B0014FF11 /* models */ = {
			isa = PBXGroup;
			children = (
				1DE7366C24A01A760014FF11 /* Driver.swift */,
			);
			path = models;
			sourceTree = "<group>";
		};
		1DE7366E24A01F2F0014FF11 /* config */ = {
			isa = PBXGroup;
			children = (
				1DE7365124A011120014FF11 /* AppDelegate.swift */,
				1DE7365324A011120014FF11 /* SceneDelegate.swift */,
				1DE7365F24A011160014FF11 /* Info.plist */,
			);
			path = config;
			sourceTree = "<group>";
		};
/* End PBXGroup section */

/* Begin PBXNativeTarget section */
		1DE7364D24A011120014FF11 /* CursoSwiftUI-29-08-2019 */ = {
			isa = PBXNativeTarget;
			buildConfigurationList = 1DE7366224A011160014FF11 /* Build configuration list for PBXNativeTarget "CursoSwiftUI-29-08-2019" */;
			buildPhases = (
				1DE7364A24A011120014FF11 /* Sources */,
				1DE7364B24A011120014FF11 /* Frameworks */,
				1DE7364C24A011120014FF11 /* Resources */,
			);
			buildRules = (
			);
			dependencies = (
			);
			name = "CursoSwiftUI-29-08-2019";
			productName = "CursoSwiftUI-29-08-2019";
			productReference = 1DE7364E24A011120014FF11 /* CursoSwiftUI-29-08-2019.app */;
			productType = "com.apple.product-type.application";
		};
/* End PBXNativeTarget section */

/* Begin PBXProject section */
		1DE7364624A011120014FF11 /* Project object */ = {
			isa = PBXProject;
			attributes = {
				LastSwiftUpdateCheck = 1120;
				LastUpgradeCheck = 1120;
				ORGANIZATIONNAME = Ivan;
				TargetAttributes = {
					1DE7364D24A011120014FF11 = {
						CreatedOnToolsVersion = 11.2.1;
					};
				};
			};
			buildConfigurationList = 1DE7364924A011120014FF11 /* Build configuration list for PBXProject "CursoSwiftUI-29-08-2019" */;
			compatibilityVersion = "Xcode 9.3";
			developmentRegion = en;
			hasScannedForEncodings = 0;
			knownRegions = (
				en,
				Base,
			);
			mainGroup = 1DE7364524A011120014FF11;
			productRefGroup = 1DE7364F24A011120014FF11 /* Products */;
			projectDirPath = "";
			projectRoot = "";
			targets = (
				1DE7364D24A011120014FF11 /* CursoSwiftUI-29-08-2019 */,
			);
		};
/* End PBXProject section */

/* Begin PBXResourcesBuildPhase section */
		1DE7364C24A011120014FF11 /* Resources */ = {
			isa = PBXResourcesBuildPhase;
			buildActionMask = 2147483647;
			files = (
				1DE7365E24A011160014FF11 /* LaunchScreen.storyboard in Resources */,
				1DE7366A24A019250014FF11 /* colors.xcassets in Resources */,
				1DE7365B24A011160014FF11 /* Preview Assets.xcassets in Resources */,
				1DE7365824A011160014FF11 /* images.xcassets in Resources */,
			);
			runOnlyForDeploymentPostprocessing = 0;
		};
/* End PBXResourcesBuildPhase section */

/* Begin PBXSourcesBuildPhase section */
		1DE7364A24A011120014FF11 /* Sources */ = {
			isa = PBXSourcesBuildPhase;
			buildActionMask = 2147483647;
			files = (
				1DE7366D24A01A760014FF11 /* Driver.swift in Sources */,
				1DAEBD4524A176460081067F /* StatusSection.swift in Sources */,
				1DAEBD4724A17F640081067F /* DriverAdapter.swift in Sources */,
				1DE7365224A011120014FF11 /* AppDelegate.swift in Sources */,
				1DE7366824A017AD0014FF11 /* Resources.swift in Sources */,
				1D2837E424A387D00030D6C2 /* DriversScreen.swift in Sources */,
				1DE7365424A011120014FF11 /* SceneDelegate.swift in Sources */,
				1DE7365624A011120014FF11 /* DriverScreen.swift in Sources */,
			);
			runOnlyForDeploymentPostprocessing = 0;
		};
/* End PBXSourcesBuildPhase section */

/* Begin PBXVariantGroup section */
		1DE7365C24A011160014FF11 /* LaunchScreen.storyboard */ = {
			isa = PBXVariantGroup;
			children = (
				1DE7365D24A011160014FF11 /* Base */,
			);
			name = LaunchScreen.storyboard;
			sourceTree = "<group>";
		};
/* End PBXVariantGroup section */

/* Begin XCBuildConfiguration section */
		1DE7366024A011160014FF11 /* Debug */ = {
			isa = XCBuildConfiguration;
			buildSettings = {
				ALWAYS_SEARCH_USER_PATHS = NO;
				CLANG_ANALYZER_NONNULL = YES;
				CLANG_ANALYZER_NUMBER_OBJECT_CONVERSION = YES_AGGRESSIVE;
				CLANG_CXX_LANGUAGE_STANDARD = "gnu++14";
				CLANG_CXX_LIBRARY = "libc++";
				CLANG_ENABLE_MODULES = YES;
				CLANG_ENABLE_OBJC_ARC = YES;
				CLANG_ENABLE_OBJC_WEAK = YES;
				CLANG_WARN_BLOCK_CAPTURE_AUTORELEASING = YES;
				CLANG_WARN_BOOL_CONVERSION = YES;
				CLANG_WARN_COMMA = YES;
				CLANG_WARN_CONSTANT_CONVERSION = YES;
				CLANG_WARN_DEPRECATED_OBJC_IMPLEMENTATIONS = YES;
				CLANG_WARN_DIRECT_OBJC_ISA_USAGE = YES_ERROR;
				CLANG_WARN_DOCUMENTATION_COMMENTS = YES;
				CLANG_WARN_EMPTY_BODY = YES;
				CLANG_WARN_ENUM_CONVERSION = YES;
				CLANG_WARN_INFINITE_RECURSION = YES;
				CLANG_WARN_INT_CONVERSION = YES;
				CLANG_WARN_NON_LITERAL_NULL_CONVERSION = YES;
				CLANG_WARN_OBJC_IMPLICIT_RETAIN_SELF = YES;
				CLANG_WARN_OBJC_LITERAL_CONVERSION = YES;
				CLANG_WARN_OBJC_ROOT_CLASS = YES_ERROR;
				CLANG_WARN_RANGE_LOOP_ANALYSIS = YES;
				CLANG_WARN_STRICT_PROTOTYPES = YES;
				CLANG_WARN_SUSPICIOUS_MOVE = YES;
				CLANG_WARN_UNGUARDED_AVAILABILITY = YES_AGGRESSIVE;
				CLANG_WARN_UNREACHABLE_CODE = YES;
				CLANG_WARN__DUPLICATE_METHOD_MATCH = YES;
				COPY_PHASE_STRIP = NO;
				DEBUG_INFORMATION_FORMAT = dwarf;
				ENABLE_STRICT_OBJC_MSGSEND = YES;
				ENABLE_TESTABILITY = YES;
				GCC_C_LANGUAGE_STANDARD = gnu11;
				GCC_DYNAMIC_NO_PIC = NO;
				GCC_NO_COMMON_BLOCKS = YES;
				GCC_OPTIMIZATION_LEVEL = 0;
				GCC_PREPROCESSOR_DEFINITIONS = (
					"DEBUG=1",
					"$(inherited)",
				);
				GCC_WARN_64_TO_32_BIT_CONVERSION = YES;
				GCC_WARN_ABOUT_RETURN_TYPE = YES_ERROR;
				GCC_WARN_UNDECLARED_SELECTOR = YES;
				GCC_WARN_UNINITIALIZED_AUTOS = YES_AGGRESSIVE;
				GCC_WARN_UNUSED_FUNCTION = YES;
				GCC_WARN_UNUSED_VARIABLE = YES;
				IPHONEOS_DEPLOYMENT_TARGET = 13.2;
				MTL_ENABLE_DEBUG_INFO = INCLUDE_SOURCE;
				MTL_FAST_MATH = YES;
				ONLY_ACTIVE_ARCH = YES;
				SDKROOT = iphoneos;
				SWIFT_ACTIVE_COMPILATION_CONDITIONS = DEBUG;
				SWIFT_OPTIMIZATION_LEVEL = "-Onone";
			};
			name = Debug;
		};
		1DE7366124A011160014FF11 /* Release */ = {
			isa = XCBuildConfiguration;
			buildSettings = {
				ALWAYS_SEARCH_USER_PATHS = NO;
				CLANG_ANALYZER_NONNULL = YES;
				CLANG_ANALYZER_NUMBER_OBJECT_CONVERSION = YES_AGGRESSIVE;
				CLANG_CXX_LANGUAGE_STANDARD = "gnu++14";
				CLANG_CXX_LIBRARY = "libc++";
				CLANG_ENABLE_MODULES = YES;
				CLANG_ENABLE_OBJC_ARC = YES;
				CLANG_ENABLE_OBJC_WEAK = YES;
				CLANG_WARN_BLOCK_CAPTURE_AUTORELEASING = YES;
				CLANG_WARN_BOOL_CONVERSION = YES;
				CLANG_WARN_COMMA = YES;
				CLANG_WARN_CONSTANT_CONVERSION = YES;
				CLANG_WARN_DEPRECATED_OBJC_IMPLEMENTATIONS = YES;
				CLANG_WARN_DIRECT_OBJC_ISA_USAGE = YES_ERROR;
				CLANG_WARN_DOCUMENTATION_COMMENTS = YES;
				CLANG_WARN_EMPTY_BODY = YES;
				CLANG_WARN_ENUM_CONVERSION = YES;
				CLANG_WARN_INFINITE_RECURSION = YES;
				CLANG_WARN_INT_CONVERSION = YES;
				CLANG_WARN_NON_LITERAL_NULL_CONVERSION = YES;
				CLANG_WARN_OBJC_IMPLICIT_RETAIN_SELF = YES;
				CLANG_WARN_OBJC_LITERAL_CONVERSION = YES;
				CLANG_WARN_OBJC_ROOT_CLASS = YES_ERROR;
				CLANG_WARN_RANGE_LOOP_ANALYSIS = YES;
				CLANG_WARN_STRICT_PROTOTYPES = YES;
				CLANG_WARN_SUSPICIOUS_MOVE = YES;
				CLANG_WARN_UNGUARDED_AVAILABILITY = YES_AGGRESSIVE;
				CLANG_WARN_UNREACHABLE_CODE = YES;
				CLANG_WARN__DUPLICATE_METHOD_MATCH = YES;
				COPY_PHASE_STRIP = NO;
				DEBUG_INFORMATION_FORMAT = "dwarf-with-dsym";
				ENABLE_NS_ASSERTIONS = NO;
				ENABLE_STRICT_OBJC_MSGSEND = YES;
				GCC_C_LANGUAGE_STANDARD = gnu11;
				GCC_NO_COMMON_BLOCKS = YES;
				GCC_WARN_64_TO_32_BIT_CONVERSION = YES;
				GCC_WARN_ABOUT_RETURN_TYPE = YES_ERROR;
				GCC_WARN_UNDECLARED_SELECTOR = YES;
				GCC_WARN_UNINITIALIZED_AUTOS = YES_AGGRESSIVE;
				GCC_WARN_UNUSED_FUNCTION = YES;
				GCC_WARN_UNUSED_VARIABLE = YES;
				IPHONEOS_DEPLOYMENT_TARGET = 13.2;
				MTL_ENABLE_DEBUG_INFO = NO;
				MTL_FAST_MATH = YES;
				SDKROOT = iphoneos;
				SWIFT_COMPILATION_MODE = wholemodule;
				SWIFT_OPTIMIZATION_LEVEL = "-O";
				VALIDATE_PRODUCT = YES;
			};
			name = Release;
		};
		1DE7366324A011160014FF11 /* Debug */ = {
			isa = XCBuildConfiguration;
			buildSettings = {
				ASSETCATALOG_COMPILER_APPICON_NAME = AppIcon;
				CODE_SIGN_STYLE = Automatic;
				DEVELOPMENT_ASSET_PATHS = "\"CursoSwiftUI-29-08-2019/Preview Content\"";
				ENABLE_PREVIEWS = YES;
				INFOPLIST_FILE = "$(SRCROOT)/CursoSwiftUI-29-08-2019/config/Info.plist";
				LD_RUNPATH_SEARCH_PATHS = (
					"$(inherited)",
					"@executable_path/Frameworks",
				);
				PRODUCT_BUNDLE_IDENTIFIER = "com.ivan.CursoSwiftUI-29-08-2019";
				PRODUCT_NAME = "$(TARGET_NAME)";
				SWIFT_VERSION = 5.0;
				TARGETED_DEVICE_FAMILY = "1,2";
			};
			name = Debug;
		};
		1DE7366424A011160014FF11 /* Release */ = {
			isa = XCBuildConfiguration;
			buildSettings = {
				ASSETCATALOG_COMPILER_APPICON_NAME = AppIcon;
				CODE_SIGN_STYLE = Automatic;
				DEVELOPMENT_ASSET_PATHS = "\"CursoSwiftUI-29-08-2019/Preview Content\"";
				ENABLE_PREVIEWS = YES;
				INFOPLIST_FILE = "$(SRCROOT)/CursoSwiftUI-29-08-2019/config/Info.plist";
				LD_RUNPATH_SEARCH_PATHS = (
					"$(inherited)",
					"@executable_path/Frameworks",
				);
				PRODUCT_BUNDLE_IDENTIFIER = "com.ivan.CursoSwiftUI-29-08-2019";
				PRODUCT_NAME = "$(TARGET_NAME)";
				SWIFT_VERSION = 5.0;
				TARGETED_DEVICE_FAMILY = "1,2";
			};
			name = Release;
		};
/* End XCBuildConfiguration section */

/* Begin XCConfigurationList section */
		1DE7364924A011120014FF11 /* Build configuration list for PBXProject "CursoSwiftUI-29-08-2019" */ = {
			isa = XCConfigurationList;
			buildConfigurations = (
				1DE7366024A011160014FF11 /* Debug */,
				1DE7366124A011160014FF11 /* Release */,
			);
			defaultConfigurationIsVisible = 0;
			defaultConfigurationName = Release;
		};
		1DE7366224A011160014FF11 /* Build configuration list for PBXNativeTarget "CursoSwiftUI-29-08-2019" */ = {
			isa = XCConfigurationList;
			buildConfigurations = (
				1DE7366324A011160014FF11 /* Debug */,
				1DE7366424A011160014FF11 /* Release */,
			);
			defaultConfigurationIsVisible = 0;
			defaultConfigurationName = Release;
		};
/* End XCConfigurationList section */
	};
	rootObject = 1DE7364624A011120014FF11 /* Project object */;
}
